// !$*UTF8*$!
{
	archiveVersion = 1;
	classes = {
	};
	objectVersion = 46;
	objects = {

/* Begin PBXBuildFile section */
		ED2A40371B58E18C003C70FE /* SeriesTableViewCell.swift in Sources */ = {isa = PBXBuildFile; fileRef = ED2A40361B58E18C003C70FE /* SeriesTableViewCell.swift */; };
		ED38CC3B1B53F38A00F1A224 /* RankTableViewController.swift in Sources */ = {isa = PBXBuildFile; fileRef = ED38CC3A1B53F38A00F1A224 /* RankTableViewController.swift */; };
		ED38CC3F1B53F8CD00F1A224 /* Series.swift in Sources */ = {isa = PBXBuildFile; fileRef = ED38CC3E1B53F8CD00F1A224 /* Series.swift */; };
		ED6909261B4691330077E947 /* AppDelegate.swift in Sources */ = {isa = PBXBuildFile; fileRef = ED6909251B4691330077E947 /* AppDelegate.swift */; };
		ED6909281B4691330077E947 /* ViewController.swift in Sources */ = {isa = PBXBuildFile; fileRef = ED6909271B4691330077E947 /* ViewController.swift */; };
		ED69092B1B4691330077E947 /* Main.storyboard in Resources */ = {isa = PBXBuildFile; fileRef = ED6909291B4691330077E947 /* Main.storyboard */; };
		ED69092D1B4691330077E947 /* Assets.xcassets in Resources */ = {isa = PBXBuildFile; fileRef = ED69092C1B4691330077E947 /* Assets.xcassets */; };
		ED9E716E1B579CCE000D9A4D /* Launch Screen.xib in Resources */ = {isa = PBXBuildFile; fileRef = ED9E716D1B579CCE000D9A4D /* Launch Screen.xib */; };
		EDC529191B5411AE0087866C /* hoppin.plist in Resources */ = {isa = PBXBuildFile; fileRef = EDC529181B5411AE0087866C /* hoppin.plist */; };
		EDFAE1331B58C56A00D5D0AC /* Fabric.framework in Frameworks */ = {isa = PBXBuildFile; fileRef = EDFAE1311B58C56A00D5D0AC /* Fabric.framework */; };
		EDFAE1341B58C56A00D5D0AC /* Crashlytics.framework in Frameworks */ = {isa = PBXBuildFile; fileRef = EDFAE1321B58C56A00D5D0AC /* Crashlytics.framework */; };
/* End PBXBuildFile section */

/* Begin PBXFileReference section */
		ED2A40361B58E18C003C70FE /* SeriesTableViewCell.swift */ = {isa = PBXFileReference; fileEncoding = 4; lastKnownFileType = sourcecode.swift; path = SeriesTableViewCell.swift; sourceTree = "<group>"; };
		ED38CC3A1B53F38A00F1A224 /* RankTableViewController.swift */ = {isa = PBXFileReference; fileEncoding = 4; lastKnownFileType = sourcecode.swift; path = RankTableViewController.swift; sourceTree = "<group>"; };
		ED38CC3E1B53F8CD00F1A224 /* Series.swift */ = {isa = PBXFileReference; fileEncoding = 4; lastKnownFileType = sourcecode.swift; path = Series.swift; sourceTree = "<group>"; };
		ED6909221B4691330077E947 /* Tview.app */ = {isa = PBXFileReference; explicitFileType = wrapper.application; includeInIndex = 0; path = Tview.app; sourceTree = BUILT_PRODUCTS_DIR; };
		ED6909251B4691330077E947 /* AppDelegate.swift */ = {isa = PBXFileReference; lastKnownFileType = sourcecode.swift; path = AppDelegate.swift; sourceTree = "<group>"; };
		ED6909271B4691330077E947 /* ViewController.swift */ = {isa = PBXFileReference; lastKnownFileType = sourcecode.swift; path = ViewController.swift; sourceTree = "<group>"; };
		ED69092A1B4691330077E947 /* Base */ = {isa = PBXFileReference; lastKnownFileType = file.storyboard; name = Base; path = Base.lproj/Main.storyboard; sourceTree = "<group>"; };
		ED69092C1B4691330077E947 /* Assets.xcassets */ = {isa = PBXFileReference; lastKnownFileType = folder.assetcatalog; path = Assets.xcassets; sourceTree = "<group>"; };
		ED6909311B4691330077E947 /* Info.plist */ = {isa = PBXFileReference; lastKnownFileType = text.plist.xml; path = Info.plist; sourceTree = "<group>"; };
		ED9E716D1B579CCE000D9A4D /* Launch Screen.xib */ = {isa = PBXFileReference; fileEncoding = 4; lastKnownFileType = file.xib; name = "Launch Screen.xib"; path = "../Launch Screen.xib"; sourceTree = "<group>"; };
		EDC529181B5411AE0087866C /* hoppin.plist */ = {isa = PBXFileReference; fileEncoding = 4; lastKnownFileType = text.plist.xml; name = hoppin.plist; path = ../hoppin.plist; sourceTree = "<group>"; };
		EDFAE1311B58C56A00D5D0AC /* Fabric.framework */ = {isa = PBXFileReference; lastKnownFileType = wrapper.framework; path = Fabric.framework; sourceTree = "<group>"; };
		EDFAE1321B58C56A00D5D0AC /* Crashlytics.framework */ = {isa = PBXFileReference; lastKnownFileType = wrapper.framework; path = Crashlytics.framework; sourceTree = "<group>"; };
/* End PBXFileReference section */

/* Begin PBXFrameworksBuildPhase section */
		ED69091F1B4691330077E947 /* Frameworks */ = {
			isa = PBXFrameworksBuildPhase;
			buildActionMask = 2147483647;
			files = (
				EDFAE1341B58C56A00D5D0AC /* Crashlytics.framework in Frameworks */,
				EDFAE1331B58C56A00D5D0AC /* Fabric.framework in Frameworks */,
			);
			runOnlyForDeploymentPostprocessing = 0;
		};
/* End PBXFrameworksBuildPhase section */

/* Begin PBXGroup section */
		ED6909191B4691330077E947 = {
			isa = PBXGroup;
			children = (
				EDFAE1311B58C56A00D5D0AC /* Fabric.framework */,
				EDFAE1321B58C56A00D5D0AC /* Crashlytics.framework */,
				ED6909241B4691330077E947 /* Tview */,
				ED6909231B4691330077E947 /* Products */,
			);
			sourceTree = "<group>";
		};
		ED6909231B4691330077E947 /* Products */ = {
			isa = PBXGroup;
			children = (
				ED6909221B4691330077E947 /* Tview.app */,
			);
			name = Products;
			sourceTree = "<group>";
		};
		ED6909241B4691330077E947 /* Tview */ = {
			isa = PBXGroup;
			children = (
				ED9E716D1B579CCE000D9A4D /* Launch Screen.xib */,
				EDC529181B5411AE0087866C /* hoppin.plist */,
				ED6909251B4691330077E947 /* AppDelegate.swift */,
				ED6909271B4691330077E947 /* ViewController.swift */,
				ED6909291B4691330077E947 /* Main.storyboard */,
				ED69092C1B4691330077E947 /* Assets.xcassets */,
				ED6909311B4691330077E947 /* Info.plist */,
				ED38CC3A1B53F38A00F1A224 /* RankTableViewController.swift */,
				ED38CC3E1B53F8CD00F1A224 /* Series.swift */,
				ED2A40361B58E18C003C70FE /* SeriesTableViewCell.swift */,
			);
			path = Tview;
			sourceTree = "<group>";
		};
/* End PBXGroup section */

/* Begin PBXNativeTarget section */
		ED6909211B4691330077E947 /* Tview */ = {
			isa = PBXNativeTarget;
			buildConfigurationList = ED6909341B4691330077E947 /* Build configuration list for PBXNativeTarget "Tview" */;
			buildPhases = (
				ED69091E1B4691330077E947 /* Sources */,
				ED69091F1B4691330077E947 /* Frameworks */,
				ED6909201B4691330077E947 /* Resources */,
				EDFAE1301B58C3B500D5D0AC /* ShellScript */,
			);
			buildRules = (
			);
			dependencies = (
			);
			name = Tview;
			productName = Tview;
			productReference = ED6909221B4691330077E947 /* Tview.app */;
			productType = "com.apple.product-type.application";
		};
/* End PBXNativeTarget section */

/* Begin PBXProject section */
		ED69091A1B4691330077E947 /* Project object */ = {
			isa = PBXProject;
			attributes = {
				LastSwiftUpdateCheck = 0700;
				LastUpgradeCheck = 0700;
				TargetAttributes = {
					ED6909211B4691330077E947 = {
						CreatedOnToolsVersion = 7.0;
						DevelopmentTeam = H9U47XFWAD;
					};
				};
			};
			buildConfigurationList = ED69091D1B4691330077E947 /* Build configuration list for PBXProject "Tview" */;
			compatibilityVersion = "Xcode 3.2";
			developmentRegion = English;
			hasScannedForEncodings = 0;
			knownRegions = (
				en,
				Base,
			);
			mainGroup = ED6909191B4691330077E947;
			productRefGroup = ED6909231B4691330077E947 /* Products */;
			projectDirPath = "";
			projectRoot = "";
			targets = (
				ED6909211B4691330077E947 /* Tview */,
			);
		};
/* End PBXProject section */

/* Begin PBXResourcesBuildPhase section */
		ED6909201B4691330077E947 /* Resources */ = {
			isa = PBXResourcesBuildPhase;
			buildActionMask = 2147483647;
			files = (
				EDC529191B5411AE0087866C /* hoppin.plist in Resources */,
				ED9E716E1B579CCE000D9A4D /* Launch Screen.xib in Resources */,
				ED69092D1B4691330077E947 /* Assets.xcassets in Resources */,
				ED69092B1B4691330077E947 /* Main.storyboard in Resources */,
			);
			runOnlyForDeploymentPostprocessing = 0;
		};
/* End PBXResourcesBuildPhase section */

/* Begin PBXShellScriptBuildPhase section */
		EDFAE1301B58C3B500D5D0AC /* ShellScript */ = {
			isa = PBXShellScriptBuildPhase;
			buildActionMask = 2147483647;
			files = (
			);
			inputPaths = (
			);
			outputPaths = (
			);
			runOnlyForDeploymentPostprocessing = 0;
			shellPath = /bin/sh;
			shellScript = "./Fabric.framework/run 07d08311fca2a35b4df68873dfc756c2409ec2c6 ec628aaa7f60372392fa6e73ee0e70d0230e097669bdccf9d9f74bdf4363eb3a";
		};
/* End PBXShellScriptBuildPhase section */

/* Begin PBXSourcesBuildPhase section */
		ED69091E1B4691330077E947 /* Sources */ = {
			isa = PBXSourcesBuildPhase;
			buildActionMask = 2147483647;
			files = (
				ED38CC3B1B53F38A00F1A224 /* RankTableViewController.swift in Sources */,
				ED6909281B4691330077E947 /* ViewController.swift in Sources */,
				ED2A40371B58E18C003C70FE /* SeriesTableViewCell.swift in Sources */,
				ED38CC3F1B53F8CD00F1A224 /* Series.swift in Sources */,
				ED6909261B4691330077E947 /* AppDelegate.swift in Sources */,
			);
			runOnlyForDeploymentPostprocessing = 0;
		};
/* End PBXSourcesBuildPhase section */

/* Begin PBXVariantGroup section */
		ED6909291B4691330077E947 /* Main.storyboard */ = {
			isa = PBXVariantGroup;
			children = (
				ED69092A1B4691330077E947 /* Base */,
			);
			name = Main.storyboard;
			sourceTree = "<group>";
		};
/* End PBXVariantGroup section */

/* Begin XCBuildConfiguration section */
		ED6909321B4691330077E947 /* Debug */ = {
			isa = XCBuildConfiguration;
			buildSettings = {
				ALWAYS_SEARCH_USER_PATHS = NO;
				CLANG_CXX_LANGUAGE_STANDARD = "gnu++0x";
				CLANG_CXX_LIBRARY = "libc++";
				CLANG_ENABLE_MODULES = YES;
				CLANG_ENABLE_OBJC_ARC = YES;
				CLANG_WARN_BOOL_CONVERSION = YES;
				CLANG_WARN_CONSTANT_CONVERSION = YES;
				CLANG_WARN_DIRECT_OBJC_ISA_USAGE = YES_ERROR;
				CLANG_WARN_EMPTY_BODY = YES;
				CLANG_WARN_ENUM_CONVERSION = YES;
				CLANG_WARN_INT_CONVERSION = YES;
				CLANG_WARN_OBJC_ROOT_CLASS = YES_ERROR;
				CLANG_WARN_UNREACHABLE_CODE = YES;
				CLANG_WARN__DUPLICATE_METHOD_MATCH = YES;
				"CODE_SIGN_IDENTITY[sdk=iphoneos*]" = "iPhone Developer";
				COPY_PHASE_STRIP = NO;
				DEBUG_INFORMATION_FORMAT = dwarf;
				ENABLE_STRICT_OBJC_MSGSEND = YES;
				ENABLE_TESTABILITY = YES;
				GCC_C_LANGUAGE_STANDARD = gnu99;
				GCC_DYNAMIC_NO_PIC = NO;
				GCC_NO_COMMON_BLOCKS = YES;
				GCC_OPTIMIZATION_LEVEL = 0;
				GCC_PREPROCESSOR_DEFINITIONS = (
					"DEBUG=1",
					"$(inherited)",
				);
				GCC_WARN_64_TO_32_BIT_CONVERSION = YES;
				GCC_WARN_ABOUT_RETURN_TYPE = YES_ERROR;
				GCC_WARN_UNDECLARED_SELECTOR = YES;
				GCC_WARN_UNINITIALIZED_AUTOS = YES_AGGRESSIVE;
				GCC_WARN_UNUSED_FUNCTION = YES;
				GCC_WARN_UNUSED_VARIABLE = YES;
				IPHONEOS_DEPLOYMENT_TARGET = 9.0;
				MTL_ENABLE_DEBUG_INFO = YES;
				ONLY_ACTIVE_ARCH = YES;
				SDKROOT = iphoneos;
				SWIFT_OPTIMIZATION_LEVEL = "-Onone";
				TARGETED_DEVICE_FAMILY = "1,2";
			};
			name = Debug;
		};
		ED6909331B4691330077E947 /* Release */ = {
			isa = XCBuildConfiguration;
			buildSettings = {
				ALWAYS_SEARCH_USER_PATHS = NO;
				CLANG_CXX_LANGUAGE_STANDARD = "gnu++0x";
				CLANG_CXX_LIBRARY = "libc++";
				CLANG_ENABLE_MODULES = YES;
				CLANG_ENABLE_OBJC_ARC = YES;
				CLANG_WARN_BOOL_CONVERSION = YES;
				CLANG_WARN_CONSTANT_CONVERSION = YES;
				CLANG_WARN_DIRECT_OBJC_ISA_USAGE = YES_ERROR;
				CLANG_WARN_EMPTY_BODY = YES;
				CLANG_WARN_ENUM_CONVERSION = YES;
				CLANG_WARN_INT_CONVERSION = YES;
				CLANG_WARN_OBJC_ROOT_CLASS = YES_ERROR;
				CLANG_WARN_UNREACHABLE_CODE = YES;
				CLANG_WARN__DUPLICATE_METHOD_MATCH = YES;
				"CODE_SIGN_IDENTITY[sdk=iphoneos*]" = "iPhone Developer";
				COPY_PHASE_STRIP = NO;
				DEBUG_INFORMATION_FORMAT = "dwarf-with-dsym";
				ENABLE_NS_ASSERTIONS = NO;
				ENABLE_STRICT_OBJC_MSGSEND = YES;
				GCC_C_LANGUAGE_STANDARD = gnu99;
				GCC_NO_COMMON_BLOCKS = YES;
				GCC_WARN_64_TO_32_BIT_CONVERSION = YES;
				GCC_WARN_ABOUT_RETURN_TYPE = YES_ERROR;
				GCC_WARN_UNDECLARED_SELECTOR = YES;
				GCC_WARN_UNINITIALIZED_AUTOS = YES_AGGRESSIVE;
				GCC_WARN_UNUSED_FUNCTION = YES;
				GCC_WARN_UNUSED_VARIABLE = YES;
				IPHONEOS_DEPLOYMENT_TARGET = 9.0;
				MTL_ENABLE_DEBUG_INFO = NO;
				SDKROOT = iphoneos;
				TARGETED_DEVICE_FAMILY = "1,2";
				VALIDATE_PRODUCT = YES;
			};
			name = Release;
		};
		ED6909351B4691330077E947 /* Debug */ = {
			isa = XCBuildConfiguration;
			buildSettings = {
				ASSETCATALOG_COMPILER_APPICON_NAME = AppIcon;
				CLANG_ENABLE_MODULES = YES;
				CODE_SIGN_IDENTITY = "iPhone Distribution: SK Planet Co., Ltd.";
				"CODE_SIGN_IDENTITY[sdk=iphoneos*]" = "iPhone Developer";
				DEBUG_INFORMATION_FORMAT = "dwarf-with-dsym";
				FRAMEWORK_SEARCH_PATHS = (
					"$(inherited)",
					"$(PROJECT_DIR)",
				);
				HEADER_SEARCH_PATHS = "";
				INFOPLIST_FILE = Tview/Info.plist;
				IPHONEOS_DEPLOYMENT_TARGET = 8.2;
				LD_RUNPATH_SEARCH_PATHS = "$(inherited) @executable_path/Frameworks";
				OTHER_LDFLAGS = "";
				PRODUCT_BUNDLE_IDENTIFIER = io.github.tview.Tview;
				PRODUCT_NAME = "$(TARGET_NAME)";
				PROVISIONING_PROFILE = "";
				SWIFT_OBJC_BRIDGING_HEADER = "";
				SWIFT_OPTIMIZATION_LEVEL = "-Onone";
				TARGETED_DEVICE_FAMILY = "1,2";
			};
			name = Debug;
		};
		ED6909361B4691330077E947 /* Release */ = {
			isa = XCBuildConfiguration;
			buildSettings = {
				ASSETCATALOG_COMPILER_APPICON_NAME = AppIcon;
				CLANG_ENABLE_MODULES = YES;
				CODE_SIGN_IDENTITY = "iPhone Distribution: SK Planet Co., Ltd.";
				"CODE_SIGN_IDENTITY[sdk=iphoneos*]" = "iPhone Developer";
				FRAMEWORK_SEARCH_PATHS = (
					"$(inherited)",
					"$(PROJECT_DIR)",
				);
				HEADER_SEARCH_PATHS = "";
				INFOPLIST_FILE = Tview/Info.plist;
				IPHONEOS_DEPLOYMENT_TARGET = 8.2;
				LD_RUNPATH_SEARCH_PATHS = "$(inherited) @executable_path/Frameworks";
				OTHER_LDFLAGS = "";
				PRODUCT_BUNDLE_IDENTIFIER = io.github.tview.Tview;
				PRODUCT_NAME = "$(TARGET_NAME)";
				PROVISIONING_PROFILE = "";
				SWIFT_OBJC_BRIDGING_HEADER = "";
				TARGETED_DEVICE_FAMILY = "1,2";
			};
			name = Release;
		};
/* End XCBuildConfiguration section */

/* Begin XCConfigurationList section */
		ED69091D1B4691330077E947 /* Build configuration list for PBXProject "Tview" */ = {
			isa = XCConfigurationList;
			buildConfigurations = (
				ED6909321B4691330077E947 /* Debug */,
				ED6909331B4691330077E947 /* Release */,
			);
			defaultConfigurationIsVisible = 0;
			defaultConfigurationName = Release;
		};
		ED6909341B4691330077E947 /* Build configuration list for PBXNativeTarget "Tview" */ = {
			isa = XCConfigurationList;
			buildConfigurations = (
				ED6909351B4691330077E947 /* Debug */,
				ED6909361B4691330077E947 /* Release */,
			);
			defaultConfigurationIsVisible = 0;
			defaultConfigurationName = Release;
		};
/* End XCConfigurationList section */
	};
	rootObject = ED69091A1B4691330077E947 /* Project object */;
}
